
Microsoft Visual Studio Solution File, Format Version 12.00
# Visual Studio Version 17
VisualStudioVersion = 17.3.32922.545
MinimumVisualStudioVersion = 10.0.40219.1
Project("{FAE04EC0-301F-11D3-BF4B-00C04F79EFBC}") = "Test_C_Alerts", "Test_C_Alerts\Test_C_Alerts.csproj", "{C5B6C016-E095-45D5-9D15-A96FFA89DA76}"
EndProject
Global
	GlobalSection(SolutionConfigurationPlatforms) = preSolution
		Debug|Any CPU = Debug|Any CPU
		Release|Any CPU = Release|Any CPU
	EndGlobalSection
	GlobalSection(ProjectConfigurationPlatforms) = postSolution
		{C5B6C016-E095-45D5-9D15-A96FFA89DA76}.Debug|Any CPU.ActiveCfg = Debug|Any CPU
		{C5B6C016-E095-45D5-9D15-A96FFA89DA76}.Debug|Any CPU.Build.0 = Debug|Any CPU
		{C5B6C016-E095-45D5-9D15-A96FFA89DA76}.Release|Any CPU.ActiveCfg = Release|Any CPU
		{C5B6C016-E095-45D5-9D15-A96FFA89DA76}.Release|Any CPU.Build.0 = Release|Any CPU
	EndGlobalSection
	GlobalSection(SolutionProperties) = preSolution
		HideSolutionNode = FALSE
	EndGlobalSection
	GlobalSection(ExtensibilityGlobals) = postSolution
		SolutionGuid = {F707AF8C-B180-4DDD-9B4F-16AE929C161E}
	EndGlobalSection
EndGlobal
