
Microsoft Visual Studio Solution File, Format Version 12.00
# Visual Studio Version 17
VisualStudioVersion = 17.4.33205.214
MinimumVisualStudioVersion = 10.0.40219.1
Project("{FAE04EC0-301F-11D3-BF4B-00C04F79EFBC}") = "Test_I_TaskManager_Solution", "Test_I_TaskManager_Solution\Test_I_TaskManager_Solution.csproj", "{8626319F-2C65-4953-A7B8-1D16DB5A9B59}"
EndProject
Global
	GlobalSection(SolutionConfigurationPlatforms) = preSolution
		Debug|Any CPU = Debug|Any CPU
		Release|Any CPU = Release|Any CPU
	EndGlobalSection
	GlobalSection(ProjectConfigurationPlatforms) = postSolution
		{8626319F-2C65-4953-A7B8-1D16DB5A9B59}.Debug|Any CPU.ActiveCfg = Debug|Any CPU
		{8626319F-2C65-4953-A7B8-1D16DB5A9B59}.Debug|Any CPU.Build.0 = Debug|Any CPU
		{8626319F-2C65-4953-A7B8-1D16DB5A9B59}.Release|Any CPU.ActiveCfg = Release|Any CPU
		{8626319F-2C65-4953-A7B8-1D16DB5A9B59}.Release|Any CPU.Build.0 = Release|Any CPU
	EndGlobalSection
	GlobalSection(SolutionProperties) = preSolution
		HideSolutionNode = FALSE
	EndGlobalSection
	GlobalSection(ExtensibilityGlobals) = postSolution
		SolutionGuid = {0D0BDC98-C7BF-49A8-92B5-9573E0A3DAB0}
	EndGlobalSection
EndGlobal
