
Microsoft Visual Studio Solution File, Format Version 12.00
# Visual Studio Version 17
VisualStudioVersion = 17.3.32922.545
MinimumVisualStudioVersion = 10.0.40219.1
Project("{FAE04EC0-301F-11D3-BF4B-00C04F79EFBC}") = "Test_F_TimeSlices", "Test_F_TimeSlices\Test_F_TimeSlices.csproj", "{A716B770-B04F-4DCE-9829-A8EE1C41158C}"
EndProject
Global
	GlobalSection(SolutionConfigurationPlatforms) = preSolution
		Debug|Any CPU = Debug|Any CPU
		Release|Any CPU = Release|Any CPU
	EndGlobalSection
	GlobalSection(ProjectConfigurationPlatforms) = postSolution
		{A716B770-B04F-4DCE-9829-A8EE1C41158C}.Debug|Any CPU.ActiveCfg = Debug|Any CPU
		{A716B770-B04F-4DCE-9829-A8EE1C41158C}.Debug|Any CPU.Build.0 = Debug|Any CPU
		{A716B770-B04F-4DCE-9829-A8EE1C41158C}.Release|Any CPU.ActiveCfg = Release|Any CPU
		{A716B770-B04F-4DCE-9829-A8EE1C41158C}.Release|Any CPU.Build.0 = Release|Any CPU
	EndGlobalSection
	GlobalSection(SolutionProperties) = preSolution
		HideSolutionNode = FALSE
	EndGlobalSection
	GlobalSection(ExtensibilityGlobals) = postSolution
		SolutionGuid = {9AD72291-BE37-48A2-B708-ABEE51FDE59A}
	EndGlobalSection
EndGlobal
