
Microsoft Visual Studio Solution File, Format Version 12.00
# Visual Studio Version 17
VisualStudioVersion = 17.3.32922.545
MinimumVisualStudioVersion = 10.0.40219.1
Project("{9A19103F-16F7-4668-BE54-9A1E7A4F7556}") = "Test_B_PairProgramming", "Tect_B_PairProgramming\Test_B_PairProgramming.csproj", "{9610F078-52E7-490A-99C8-0A3F49E34E4A}"
EndProject
Global
	GlobalSection(SolutionConfigurationPlatforms) = preSolution
		Debug|Any CPU = Debug|Any CPU
		Release|Any CPU = Release|Any CPU
	EndGlobalSection
	GlobalSection(ProjectConfigurationPlatforms) = postSolution
		{9610F078-52E7-490A-99C8-0A3F49E34E4A}.Debug|Any CPU.ActiveCfg = Debug|Any CPU
		{9610F078-52E7-490A-99C8-0A3F49E34E4A}.Debug|Any CPU.Build.0 = Debug|Any CPU
		{9610F078-52E7-490A-99C8-0A3F49E34E4A}.Release|Any CPU.ActiveCfg = Release|Any CPU
		{9610F078-52E7-490A-99C8-0A3F49E34E4A}.Release|Any CPU.Build.0 = Release|Any CPU
	EndGlobalSection
	GlobalSection(SolutionProperties) = preSolution
		HideSolutionNode = FALSE
	EndGlobalSection
	GlobalSection(ExtensibilityGlobals) = postSolution
		SolutionGuid = {2D7B9ECF-91E3-4281-B03F-516012BCC0D9}
	EndGlobalSection
EndGlobal
