
Microsoft Visual Studio Solution File, Format Version 12.00
# Visual Studio Version 17
VisualStudioVersion = 17.3.32922.545
MinimumVisualStudioVersion = 10.0.40219.1
Project("{FAE04EC0-301F-11D3-BF4B-00C04F79EFBC}") = "Test_D_PasswordHint", "Test_D_PasswordHint\Test_D_PasswordHint.csproj", "{56A0624F-3C73-44CD-9381-B183CF77C1A8}"
EndProject
Global
	GlobalSection(SolutionConfigurationPlatforms) = preSolution
		Debug|Any CPU = Debug|Any CPU
		Release|Any CPU = Release|Any CPU
	EndGlobalSection
	GlobalSection(ProjectConfigurationPlatforms) = postSolution
		{56A0624F-3C73-44CD-9381-B183CF77C1A8}.Debug|Any CPU.ActiveCfg = Debug|Any CPU
		{56A0624F-3C73-44CD-9381-B183CF77C1A8}.Debug|Any CPU.Build.0 = Debug|Any CPU
		{56A0624F-3C73-44CD-9381-B183CF77C1A8}.Release|Any CPU.ActiveCfg = Release|Any CPU
		{56A0624F-3C73-44CD-9381-B183CF77C1A8}.Release|Any CPU.Build.0 = Release|Any CPU
	EndGlobalSection
	GlobalSection(SolutionProperties) = preSolution
		HideSolutionNode = FALSE
	EndGlobalSection
	GlobalSection(ExtensibilityGlobals) = postSolution
		SolutionGuid = {39F8FADE-8E41-4FE7-ADE5-BCD71F2BCDA9}
	EndGlobalSection
EndGlobal
